
Microsoft Visual Studio Solution File, Format Version 12.00
# Visual Studio Version 16
VisualStudioVersion = 16.0.30413.136
MinimumVisualStudioVersion = 10.0.40219.1
Project("{FAE04EC0-301F-11D3-BF4B-00C04F79EFBC}") = "GraphicsDONNU", "GraphicsDONNU.csproj", "{04BFCE65-D298-4FC1-BFE4-69E027578841}"
EndProject
Global
	GlobalSection(SolutionConfigurationPlatforms) = preSolution
		Debug|Any CPU = Debug|Any CPU
		Release|Any CPU = Release|Any CPU
	EndGlobalSection
	GlobalSection(ProjectConfigurationPlatforms) = postSolution
		{04BFCE65-D298-4FC1-BFE4-69E027578841}.Debug|Any CPU.ActiveCfg = Debug|Any CPU
		{04BFCE65-D298-4FC1-BFE4-69E027578841}.Debug|Any CPU.Build.0 = Debug|Any CPU
		{04BFCE65-D298-4FC1-BFE4-69E027578841}.Release|Any CPU.ActiveCfg = Release|Any CPU
		{04BFCE65-D298-4FC1-BFE4-69E027578841}.Release|Any CPU.Build.0 = Release|Any CPU
	EndGlobalSection
	GlobalSection(SolutionProperties) = preSolution
		HideSolutionNode = FALSE
	EndGlobalSection
	GlobalSection(ExtensibilityGlobals) = postSolution
		SolutionGuid = {2FEE689D-2760-4256-B238-2C2714741A5B}
	EndGlobalSection
EndGlobal
